
Microsoft Visual Studio Solution File, Format Version 12.00
# Visual Studio 16
Project("{FAE04EC0-301F-11D3-BF4B-00C04F79EFBC}") = "Assembly-CSharp", "Assembly-CSharp.csproj", "{23BDB134-8FED-1EF0-4791-09395DA184A0}"
EndProject
Project("{FAE04EC0-301F-11D3-BF4B-00C04F79EFBC}") = "Assembly-CSharp-Editor-firstpass", "Assembly-CSharp-Editor-firstpass.csproj", "{5ADDDD33-33C8-70A5-C967-6D9BA098349D}"
EndProject
Global
	GlobalSection(SolutionConfigurationPlatforms) = preSolution
		Debug|Any CPU = Debug|Any CPU
		Release|Any CPU = Release|Any CPU
	EndGlobalSection
	GlobalSection(ProjectConfigurationPlatforms) = postSolution
		{23BDB134-8FED-1EF0-4791-09395DA184A0}.Debug|Any CPU.ActiveCfg = Debug|Any CPU
		{23BDB134-8FED-1EF0-4791-09395DA184A0}.Debug|Any CPU.Build.0 = Debug|Any CPU
		{23BDB134-8FED-1EF0-4791-09395DA184A0}.Release|Any CPU.ActiveCfg = Release|Any CPU
		{23BDB134-8FED-1EF0-4791-09395DA184A0}.Release|Any CPU.Build.0 = Release|Any CPU
		{5ADDDD33-33C8-70A5-C967-6D9BA098349D}.Debug|Any CPU.ActiveCfg = Debug|Any CPU
		{5ADDDD33-33C8-70A5-C967-6D9BA098349D}.Debug|Any CPU.Build.0 = Debug|Any CPU
		{5ADDDD33-33C8-70A5-C967-6D9BA098349D}.Release|Any CPU.ActiveCfg = Release|Any CPU
		{5ADDDD33-33C8-70A5-C967-6D9BA098349D}.Release|Any CPU.Build.0 = Release|Any CPU
	EndGlobalSection
	GlobalSection(SolutionProperties) = preSolution
		HideSolutionNode = FALSE
	EndGlobalSection
EndGlobal
